
Microsoft Visual Studio Solution File, Format Version 12.00
# Visual Studio Version 16
VisualStudioVersion = 16.0.30621.155
MinimumVisualStudioVersion = 10.0.40219.1
Project("{FAE04EC0-301F-11D3-BF4B-00C04F79EFBC}") = "WebApplication1", "WebApplication1.csproj", "{9ADD64F3-0E77-4A66-8D3D-E90D060B4460}"
EndProject
Global
	GlobalSection(SolutionConfigurationPlatforms) = preSolution
		Debug|Any CPU = Debug|Any CPU
		Release|Any CPU = Release|Any CPU
	EndGlobalSection
	GlobalSection(ProjectConfigurationPlatforms) = postSolution
		{9ADD64F3-0E77-4A66-8D3D-E90D060B4460}.Debug|Any CPU.ActiveCfg = Debug|Any CPU
		{9ADD64F3-0E77-4A66-8D3D-E90D060B4460}.Debug|Any CPU.Build.0 = Debug|Any CPU
		{9ADD64F3-0E77-4A66-8D3D-E90D060B4460}.Release|Any CPU.ActiveCfg = Release|Any CPU
		{9ADD64F3-0E77-4A66-8D3D-E90D060B4460}.Release|Any CPU.Build.0 = Release|Any CPU
	EndGlobalSection
	GlobalSection(SolutionProperties) = preSolution
		HideSolutionNode = FALSE
	EndGlobalSection
	GlobalSection(ExtensibilityGlobals) = postSolution
		SolutionGuid = {3B1017BB-77C8-472E-B020-09CEDFDA2090}
	EndGlobalSection
EndGlobal
